// !$*UTF8*$!
{
	archiveVersion = 1;
	classes = {
	};
	objectVersion = 56;
	objects = {

/* Begin PBXBuildFile section */
		5A0621F929EABAF400A5F17A /* AppDelegate.swift in Sources */ = {isa = PBXBuildFile; fileRef = 5A0621F829EABAF400A5F17A /* AppDelegate.swift */; };
		5A0621FB29EABAF400A5F17A /* SceneDelegate.swift in Sources */ = {isa = PBXBuildFile; fileRef = 5A0621FA29EABAF400A5F17A /* SceneDelegate.swift */; };
		5A06220029EABAF400A5F17A /* Main.storyboard in Resources */ = {isa = PBXBuildFile; fileRef = 5A0621FE29EABAF400A5F17A /* Main.storyboard */; };
		5A06220229EABAF600A5F17A /* Assets.xcassets in Resources */ = {isa = PBXBuildFile; fileRef = 5A06220129EABAF600A5F17A /* Assets.xcassets */; };
		5A06220529EABAF600A5F17A /* LaunchScreen.storyboard in Resources */ = {isa = PBXBuildFile; fileRef = 5A06220329EABAF600A5F17A /* LaunchScreen.storyboard */; };
		5A06221029EEC8C200A5F17A /* Recipe.swift in Sources */ = {isa = PBXBuildFile; fileRef = 5A06220F29EEC8C200A5F17A /* Recipe.swift */; };
		5A4C98BE29F5AFF80089D250 /* ResipesListCollectionViewController.swift in Sources */ = {isa = PBXBuildFile; fileRef = 5A4C98BD29F5AFF80089D250 /* ResipesListCollectionViewController.swift */; };
		5A4C98C429F5B3520089D250 /* RecipesCollectionViewCell.swift in Sources */ = {isa = PBXBuildFile; fileRef = 5A4C98C329F5B3520089D250 /* RecipesCollectionViewCell.swift */; };
		5A89DA6729F47C1800936AFA /* CollectionViewController.swift in Sources */ = {isa = PBXBuildFile; fileRef = 5A89DA6629F47C1800936AFA /* CollectionViewController.swift */; };
		5ACB3F9F29F4941700B2271D /* TestCollectionViewCell.swift in Sources */ = {isa = PBXBuildFile; fileRef = 5ACB3F9E29F4941700B2271D /* TestCollectionViewCell.swift */; };
		5AF023E229FC25E9006F44AD /* RecipeDetailsCollectionViewCell.swift in Sources */ = {isa = PBXBuildFile; fileRef = 5AF023E129FC25E9006F44AD /* RecipeDetailsCollectionViewCell.swift */; };
		5AF023E429FC2669006F44AD /* RecipeDetailsViewController.swift in Sources */ = {isa = PBXBuildFile; fileRef = 5AF023E329FC2669006F44AD /* RecipeDetailsViewController.swift */; };
		5AF023E629FC2864006F44AD /* RecipeDetailsView.swift in Sources */ = {isa = PBXBuildFile; fileRef = 5AF023E529FC2864006F44AD /* RecipeDetailsView.swift */; };
		5AF023E829FC4BC9006F44AD /* RecipesContent.swift in Sources */ = {isa = PBXBuildFile; fileRef = 5AF023E729FC4BC9006F44AD /* RecipesContent.swift */; };
		5AF023EB29FC4D5A006F44AD /* Category.swift in Sources */ = {isa = PBXBuildFile; fileRef = 5AF023EA29FC4D5A006F44AD /* Category.swift */; };
		5AF023ED29FC4E21006F44AD /* CategoriesContent.swift in Sources */ = {isa = PBXBuildFile; fileRef = 5AF023EC29FC4E21006F44AD /* CategoriesContent.swift */; };
		5AF023EF29FC4E7F006F44AD /* StepsContent.swift in Sources */ = {isa = PBXBuildFile; fileRef = 5AF023EE29FC4E7F006F44AD /* StepsContent.swift */; };
		5AF023F129FC4EF7006F44AD /* Step.swift in Sources */ = {isa = PBXBuildFile; fileRef = 5AF023F029FC4EF7006F44AD /* Step.swift */; };
		5AF023F32A00403F006F44AD /* IngridientsContent.swift in Sources */ = {isa = PBXBuildFile; fileRef = 5AF023F22A00403F006F44AD /* IngridientsContent.swift */; };
		5AF023F52A0040F2006F44AD /* Ingridient.swift in Sources */ = {isa = PBXBuildFile; fileRef = 5AF023F42A0040F2006F44AD /* Ingridient.swift */; };
		5AF023F72A015884006F44AD /* DetailsCollectionViewController.swift in Sources */ = {isa = PBXBuildFile; fileRef = 5AF023F62A015884006F44AD /* DetailsCollectionViewController.swift */; };
/* End PBXBuildFile section */

/* Begin PBXFileReference section */
		5A0621F529EABAF400A5F17A /* Recipes.app */ = {isa = PBXFileReference; explicitFileType = wrapper.application; includeInIndex = 0; path = Recipes.app; sourceTree = BUILT_PRODUCTS_DIR; };
		5A0621F829EABAF400A5F17A /* AppDelegate.swift */ = {isa = PBXFileReference; lastKnownFileType = sourcecode.swift; path = AppDelegate.swift; sourceTree = "<group>"; };
		5A0621FA29EABAF400A5F17A /* SceneDelegate.swift */ = {isa = PBXFileReference; lastKnownFileType = sourcecode.swift; path = SceneDelegate.swift; sourceTree = "<group>"; };
		5A0621FF29EABAF400A5F17A /* Base */ = {isa = PBXFileReference; lastKnownFileType = file.storyboard; name = Base; path = Base.lproj/Main.storyboard; sourceTree = "<group>"; };
		5A06220129EABAF600A5F17A /* Assets.xcassets */ = {isa = PBXFileReference; lastKnownFileType = folder.assetcatalog; path = Assets.xcassets; sourceTree = "<group>"; };
		5A06220429EABAF600A5F17A /* Base */ = {isa = PBXFileReference; lastKnownFileType = file.storyboard; name = Base; path = Base.lproj/LaunchScreen.storyboard; sourceTree = "<group>"; };
		5A06220629EABAF600A5F17A /* Info.plist */ = {isa = PBXFileReference; lastKnownFileType = text.plist.xml; path = Info.plist; sourceTree = "<group>"; };
		5A06220F29EEC8C200A5F17A /* Recipe.swift */ = {isa = PBXFileReference; lastKnownFileType = sourcecode.swift; path = Recipe.swift; sourceTree = "<group>"; };
		5A4C98BD29F5AFF80089D250 /* ResipesListCollectionViewController.swift */ = {isa = PBXFileReference; lastKnownFileType = sourcecode.swift; path = ResipesListCollectionViewController.swift; sourceTree = "<group>"; };
		5A4C98C329F5B3520089D250 /* RecipesCollectionViewCell.swift */ = {isa = PBXFileReference; lastKnownFileType = sourcecode.swift; path = RecipesCollectionViewCell.swift; sourceTree = "<group>"; };
		5A89DA6629F47C1800936AFA /* CollectionViewController.swift */ = {isa = PBXFileReference; lastKnownFileType = sourcecode.swift; path = CollectionViewController.swift; sourceTree = "<group>"; };
		5ACB3F9E29F4941700B2271D /* TestCollectionViewCell.swift */ = {isa = PBXFileReference; lastKnownFileType = sourcecode.swift; path = TestCollectionViewCell.swift; sourceTree = "<group>"; };
		5AF023E129FC25E9006F44AD /* RecipeDetailsCollectionViewCell.swift */ = {isa = PBXFileReference; lastKnownFileType = sourcecode.swift; path = RecipeDetailsCollectionViewCell.swift; sourceTree = "<group>"; };
		5AF023E329FC2669006F44AD /* RecipeDetailsViewController.swift */ = {isa = PBXFileReference; lastKnownFileType = sourcecode.swift; path = RecipeDetailsViewController.swift; sourceTree = "<group>"; };
		5AF023E529FC2864006F44AD /* RecipeDetailsView.swift */ = {isa = PBXFileReference; lastKnownFileType = sourcecode.swift; path = RecipeDetailsView.swift; sourceTree = "<group>"; };
		5AF023E729FC4BC9006F44AD /* RecipesContent.swift */ = {isa = PBXFileReference; lastKnownFileType = sourcecode.swift; path = RecipesContent.swift; sourceTree = "<group>"; };
		5AF023EA29FC4D5A006F44AD /* Category.swift */ = {isa = PBXFileReference; lastKnownFileType = sourcecode.swift; path = Category.swift; sourceTree = "<group>"; };
		5AF023EC29FC4E21006F44AD /* CategoriesContent.swift */ = {isa = PBXFileReference; lastKnownFileType = sourcecode.swift; path = CategoriesContent.swift; sourceTree = "<group>"; };
		5AF023EE29FC4E7F006F44AD /* StepsContent.swift */ = {isa = PBXFileReference; lastKnownFileType = sourcecode.swift; path = StepsContent.swift; sourceTree = "<group>"; };
		5AF023F029FC4EF7006F44AD /* Step.swift */ = {isa = PBXFileReference; lastKnownFileType = sourcecode.swift; path = Step.swift; sourceTree = "<group>"; };
		5AF023F22A00403F006F44AD /* IngridientsContent.swift */ = {isa = PBXFileReference; lastKnownFileType = sourcecode.swift; path = IngridientsContent.swift; sourceTree = "<group>"; };
		5AF023F42A0040F2006F44AD /* Ingridient.swift */ = {isa = PBXFileReference; lastKnownFileType = sourcecode.swift; path = Ingridient.swift; sourceTree = "<group>"; };
		5AF023F62A015884006F44AD /* DetailsCollectionViewController.swift */ = {isa = PBXFileReference; lastKnownFileType = sourcecode.swift; path = DetailsCollectionViewController.swift; sourceTree = "<group>"; };
/* End PBXFileReference section */

/* Begin PBXFrameworksBuildPhase section */
		5A0621F229EABAF400A5F17A /* Frameworks */ = {
			isa = PBXFrameworksBuildPhase;
			buildActionMask = 2147483647;
			files = (
			);
			runOnlyForDeploymentPostprocessing = 0;
		};
/* End PBXFrameworksBuildPhase section */

/* Begin PBXGroup section */
		5A0621EC29EABAF400A5F17A = {
			isa = PBXGroup;
			children = (
				5A0621F729EABAF400A5F17A /* Recipes */,
				5A0621F629EABAF400A5F17A /* Products */,
			);
			sourceTree = "<group>";
		};
		5A0621F629EABAF400A5F17A /* Products */ = {
			isa = PBXGroup;
			children = (
				5A0621F529EABAF400A5F17A /* Recipes.app */,
			);
			name = Products;
			sourceTree = "<group>";
		};
		5A0621F729EABAF400A5F17A /* Recipes */ = {
			isa = PBXGroup;
			children = (
				5A0621F829EABAF400A5F17A /* AppDelegate.swift */,
				5A0621FA29EABAF400A5F17A /* SceneDelegate.swift */,
				5AF023E929FC4BD1006F44AD /* Data */,
				5A06221229EEC8E700A5F17A /* Model */,
				5A89DA6129F42EC100936AFA /* Views */,
				5A06220E29EEC7A700A5F17A /* ViewControllers */,
				5A0621FE29EABAF400A5F17A /* Main.storyboard */,
				5A06220129EABAF600A5F17A /* Assets.xcassets */,
				5A06220329EABAF600A5F17A /* LaunchScreen.storyboard */,
				5A06220629EABAF600A5F17A /* Info.plist */,
			);
			path = Recipes;
			sourceTree = "<group>";
		};
		5A06220E29EEC7A700A5F17A /* ViewControllers */ = {
			isa = PBXGroup;
			children = (
				5A89DA6629F47C1800936AFA /* CollectionViewController.swift */,
				5A4C98BD29F5AFF80089D250 /* ResipesListCollectionViewController.swift */,
				5AF023F62A015884006F44AD /* DetailsCollectionViewController.swift */,
				5AF023E329FC2669006F44AD /* RecipeDetailsViewController.swift */,
			);
			path = ViewControllers;
			sourceTree = "<group>";
		};
		5A06221229EEC8E700A5F17A /* Model */ = {
			isa = PBXGroup;
			children = (
				5A06220F29EEC8C200A5F17A /* Recipe.swift */,
				5AF023EA29FC4D5A006F44AD /* Category.swift */,
				5AF023F029FC4EF7006F44AD /* Step.swift */,
				5AF023F42A0040F2006F44AD /* Ingridient.swift */,
			);
			path = Model;
			sourceTree = "<group>";
		};
		5A89DA6129F42EC100936AFA /* Views */ = {
			isa = PBXGroup;
			children = (
				5A4C98C329F5B3520089D250 /* RecipesCollectionViewCell.swift */,
				5AF023E129FC25E9006F44AD /* RecipeDetailsCollectionViewCell.swift */,
				5AF023E529FC2864006F44AD /* RecipeDetailsView.swift */,
				5ACB3F9E29F4941700B2271D /* TestCollectionViewCell.swift */,
			);
			path = Views;
			sourceTree = "<group>";
		};
		5AF023E929FC4BD1006F44AD /* Data */ = {
			isa = PBXGroup;
			children = (
				5AF023E729FC4BC9006F44AD /* RecipesContent.swift */,
				5AF023F22A00403F006F44AD /* IngridientsContent.swift */,
				5AF023EE29FC4E7F006F44AD /* StepsContent.swift */,
				5AF023EC29FC4E21006F44AD /* CategoriesContent.swift */,
			);
			path = Data;
			sourceTree = "<group>";
		};
/* End PBXGroup section */

/* Begin PBXNativeTarget section */
		5A0621F429EABAF400A5F17A /* Recipes */ = {
			isa = PBXNativeTarget;
			buildConfigurationList = 5A06220929EABAF600A5F17A /* Build configuration list for PBXNativeTarget "Recipes" */;
			buildPhases = (
				5A0621F129EABAF400A5F17A /* Sources */,
				5A0621F229EABAF400A5F17A /* Frameworks */,
				5A0621F329EABAF400A5F17A /* Resources */,
			);
			buildRules = (
			);
			dependencies = (
			);
			name = Recipes;
			productName = Recipes;
			productReference = 5A0621F529EABAF400A5F17A /* Recipes.app */;
			productType = "com.apple.product-type.application";
		};
/* End PBXNativeTarget section */

/* Begin PBXProject section */
		5A0621ED29EABAF400A5F17A /* Project object */ = {
			isa = PBXProject;
			attributes = {
				BuildIndependentTargetsInParallel = 1;
				KnownAssetTags = (
					0,
					1,
				);
				LastSwiftUpdateCheck = 1400;
				LastUpgradeCheck = 1400;
				TargetAttributes = {
					5A0621F429EABAF400A5F17A = {
						CreatedOnToolsVersion = 14.0;
					};
				};
			};
			buildConfigurationList = 5A0621F029EABAF400A5F17A /* Build configuration list for PBXProject "Recipes" */;
			compatibilityVersion = "Xcode 14.0";
			developmentRegion = en;
			hasScannedForEncodings = 0;
			knownRegions = (
				en,
				Base,
			);
			mainGroup = 5A0621EC29EABAF400A5F17A;
			productRefGroup = 5A0621F629EABAF400A5F17A /* Products */;
			projectDirPath = "";
			projectRoot = "";
			targets = (
				5A0621F429EABAF400A5F17A /* Recipes */,
			);
		};
/* End PBXProject section */

/* Begin PBXResourcesBuildPhase section */
		5A0621F329EABAF400A5F17A /* Resources */ = {
			isa = PBXResourcesBuildPhase;
			buildActionMask = 2147483647;
			files = (
				5A06220529EABAF600A5F17A /* LaunchScreen.storyboard in Resources */,
				5A06220229EABAF600A5F17A /* Assets.xcassets in Resources */,
				5A06220029EABAF400A5F17A /* Main.storyboard in Resources */,
			);
			runOnlyForDeploymentPostprocessing = 0;
		};
/* End PBXResourcesBuildPhase section */

/* Begin PBXSourcesBuildPhase section */
		5A0621F129EABAF400A5F17A /* Sources */ = {
			isa = PBXSourcesBuildPhase;
			buildActionMask = 2147483647;
			files = (
				5AF023F52A0040F2006F44AD /* Ingridient.swift in Sources */,
				5A4C98BE29F5AFF80089D250 /* ResipesListCollectionViewController.swift in Sources */,
				5AF023E429FC2669006F44AD /* RecipeDetailsViewController.swift in Sources */,
				5AF023F129FC4EF7006F44AD /* Step.swift in Sources */,
				5A06221029EEC8C200A5F17A /* Recipe.swift in Sources */,
				5AF023EF29FC4E7F006F44AD /* StepsContent.swift in Sources */,
				5A4C98C429F5B3520089D250 /* RecipesCollectionViewCell.swift in Sources */,
				5ACB3F9F29F4941700B2271D /* TestCollectionViewCell.swift in Sources */,
				5AF023ED29FC4E21006F44AD /* CategoriesContent.swift in Sources */,
				5A89DA6729F47C1800936AFA /* CollectionViewController.swift in Sources */,
				5AF023E229FC25E9006F44AD /* RecipeDetailsCollectionViewCell.swift in Sources */,
				5AF023E829FC4BC9006F44AD /* RecipesContent.swift in Sources */,
				5AF023E629FC2864006F44AD /* RecipeDetailsView.swift in Sources */,
				5A0621F929EABAF400A5F17A /* AppDelegate.swift in Sources */,
				5A0621FB29EABAF400A5F17A /* SceneDelegate.swift in Sources */,
				5AF023F72A015884006F44AD /* DetailsCollectionViewController.swift in Sources */,
				5AF023F32A00403F006F44AD /* IngridientsContent.swift in Sources */,
				5AF023EB29FC4D5A006F44AD /* Category.swift in Sources */,
			);
			runOnlyForDeploymentPostprocessing = 0;
		};
/* End PBXSourcesBuildPhase section */

/* Begin PBXVariantGroup section */
		5A0621FE29EABAF400A5F17A /* Main.storyboard */ = {
			isa = PBXVariantGroup;
			children = (
				5A0621FF29EABAF400A5F17A /* Base */,
			);
			name = Main.storyboard;
			sourceTree = "<group>";
		};
		5A06220329EABAF600A5F17A /* LaunchScreen.storyboard */ = {
			isa = PBXVariantGroup;
			children = (
				5A06220429EABAF600A5F17A /* Base */,
			);
			name = LaunchScreen.storyboard;
			sourceTree = "<group>";
		};
/* End PBXVariantGroup section */

/* Begin XCBuildConfiguration section */
		5A06220729EABAF600A5F17A /* Debug */ = {
			isa = XCBuildConfiguration;
			buildSettings = {
				ALWAYS_SEARCH_USER_PATHS = NO;
				CLANG_ANALYZER_NONNULL = YES;
				CLANG_ANALYZER_NUMBER_OBJECT_CONVERSION = YES_AGGRESSIVE;
				CLANG_CXX_LANGUAGE_STANDARD = "gnu++20";
				CLANG_ENABLE_MODULES = YES;
				CLANG_ENABLE_OBJC_ARC = YES;
				CLANG_ENABLE_OBJC_WEAK = YES;
				CLANG_WARN_BLOCK_CAPTURE_AUTORELEASING = YES;
				CLANG_WARN_BOOL_CONVERSION = YES;
				CLANG_WARN_COMMA = YES;
				CLANG_WARN_CONSTANT_CONVERSION = YES;
				CLANG_WARN_DEPRECATED_OBJC_IMPLEMENTATIONS = YES;
				CLANG_WARN_DIRECT_OBJC_ISA_USAGE = YES_ERROR;
				CLANG_WARN_DOCUMENTATION_COMMENTS = YES;
				CLANG_WARN_EMPTY_BODY = YES;
				CLANG_WARN_ENUM_CONVERSION = YES;
				CLANG_WARN_INFINITE_RECURSION = YES;
				CLANG_WARN_INT_CONVERSION = YES;
				CLANG_WARN_NON_LITERAL_NULL_CONVERSION = YES;
				CLANG_WARN_OBJC_IMPLICIT_RETAIN_SELF = YES;
				CLANG_WARN_OBJC_LITERAL_CONVERSION = YES;
				CLANG_WARN_OBJC_ROOT_CLASS = YES_ERROR;
				CLANG_WARN_QUOTED_INCLUDE_IN_FRAMEWORK_HEADER = YES;
				CLANG_WARN_RANGE_LOOP_ANALYSIS = YES;
				CLANG_WARN_STRICT_PROTOTYPES = YES;
				CLANG_WARN_SUSPICIOUS_MOVE = YES;
				CLANG_WARN_UNGUARDED_AVAILABILITY = YES_AGGRESSIVE;
				CLANG_WARN_UNREACHABLE_CODE = YES;
				CLANG_WARN__DUPLICATE_METHOD_MATCH = YES;
				COPY_PHASE_STRIP = NO;
				DEBUG_INFORMATION_FORMAT = dwarf;
				ENABLE_STRICT_OBJC_MSGSEND = YES;
				ENABLE_TESTABILITY = YES;
				GCC_C_LANGUAGE_STANDARD = gnu11;
				GCC_DYNAMIC_NO_PIC = NO;
				GCC_NO_COMMON_BLOCKS = YES;
				GCC_OPTIMIZATION_LEVEL = 0;
				GCC_PREPROCESSOR_DEFINITIONS = (
					"DEBUG=1",
					"$(inherited)",
				);
				GCC_WARN_64_TO_32_BIT_CONVERSION = YES;
				GCC_WARN_ABOUT_RETURN_TYPE = YES_ERROR;
				GCC_WARN_UNDECLARED_SELECTOR = YES;
				GCC_WARN_UNINITIALIZED_AUTOS = YES_AGGRESSIVE;
				GCC_WARN_UNUSED_FUNCTION = YES;
				GCC_WARN_UNUSED_VARIABLE = YES;
				IPHONEOS_DEPLOYMENT_TARGET = 16.0;
				MTL_ENABLE_DEBUG_INFO = INCLUDE_SOURCE;
				MTL_FAST_MATH = YES;
				ONLY_ACTIVE_ARCH = YES;
				SDKROOT = iphoneos;
				SWIFT_ACTIVE_COMPILATION_CONDITIONS = DEBUG;
				SWIFT_OPTIMIZATION_LEVEL = "-Onone";
			};
			name = Debug;
		};
		5A06220829EABAF600A5F17A /* Release */ = {
			isa = XCBuildConfiguration;
			buildSettings = {
				ALWAYS_SEARCH_USER_PATHS = NO;
				CLANG_ANALYZER_NONNULL = YES;
				CLANG_ANALYZER_NUMBER_OBJECT_CONVERSION = YES_AGGRESSIVE;
				CLANG_CXX_LANGUAGE_STANDARD = "gnu++20";
				CLANG_ENABLE_MODULES = YES;
				CLANG_ENABLE_OBJC_ARC = YES;
				CLANG_ENABLE_OBJC_WEAK = YES;
				CLANG_WARN_BLOCK_CAPTURE_AUTORELEASING = YES;
				CLANG_WARN_BOOL_CONVERSION = YES;
				CLANG_WARN_COMMA = YES;
				CLANG_WARN_CONSTANT_CONVERSION = YES;
				CLANG_WARN_DEPRECATED_OBJC_IMPLEMENTATIONS = YES;
				CLANG_WARN_DIRECT_OBJC_ISA_USAGE = YES_ERROR;
				CLANG_WARN_DOCUMENTATION_COMMENTS = YES;
				CLANG_WARN_EMPTY_BODY = YES;
				CLANG_WARN_ENUM_CONVERSION = YES;
				CLANG_WARN_INFINITE_RECURSION = YES;
				CLANG_WARN_INT_CONVERSION = YES;
				CLANG_WARN_NON_LITERAL_NULL_CONVERSION = YES;
				CLANG_WARN_OBJC_IMPLICIT_RETAIN_SELF = YES;
				CLANG_WARN_OBJC_LITERAL_CONVERSION = YES;
				CLANG_WARN_OBJC_ROOT_CLASS = YES_ERROR;
				CLANG_WARN_QUOTED_INCLUDE_IN_FRAMEWORK_HEADER = YES;
				CLANG_WARN_RANGE_LOOP_ANALYSIS = YES;
				CLANG_WARN_STRICT_PROTOTYPES = YES;
				CLANG_WARN_SUSPICIOUS_MOVE = YES;
				CLANG_WARN_UNGUARDED_AVAILABILITY = YES_AGGRESSIVE;
				CLANG_WARN_UNREACHABLE_CODE = YES;
				CLANG_WARN__DUPLICATE_METHOD_MATCH = YES;
				COPY_PHASE_STRIP = NO;
				DEBUG_INFORMATION_FORMAT = "dwarf-with-dsym";
				ENABLE_NS_ASSERTIONS = NO;
				ENABLE_STRICT_OBJC_MSGSEND = YES;
				GCC_C_LANGUAGE_STANDARD = gnu11;
				GCC_NO_COMMON_BLOCKS = YES;
				GCC_WARN_64_TO_32_BIT_CONVERSION = YES;
				GCC_WARN_ABOUT_RETURN_TYPE = YES_ERROR;
				GCC_WARN_UNDECLARED_SELECTOR = YES;
				GCC_WARN_UNINITIALIZED_AUTOS = YES_AGGRESSIVE;
				GCC_WARN_UNUSED_FUNCTION = YES;
				GCC_WARN_UNUSED_VARIABLE = YES;
				IPHONEOS_DEPLOYMENT_TARGET = 16.0;
				MTL_ENABLE_DEBUG_INFO = NO;
				MTL_FAST_MATH = YES;
				SDKROOT = iphoneos;
				SWIFT_COMPILATION_MODE = wholemodule;
				SWIFT_OPTIMIZATION_LEVEL = "-O";
				VALIDATE_PRODUCT = YES;
			};
			name = Release;
		};
		5A06220A29EABAF600A5F17A /* Debug */ = {
			isa = XCBuildConfiguration;
			buildSettings = {
				ASSETCATALOG_COMPILER_APPICON_NAME = AppIcon;
				ASSETCATALOG_COMPILER_GLOBAL_ACCENT_COLOR_NAME = AccentColor;
				CODE_SIGN_STYLE = Automatic;
				CURRENT_PROJECT_VERSION = 1;
				DEVELOPMENT_TEAM = 4P5Q83J9L6;
				GENERATE_INFOPLIST_FILE = YES;
				INFOPLIST_FILE = Recipes/Info.plist;
				INFOPLIST_KEY_UIApplicationSupportsIndirectInputEvents = YES;
				INFOPLIST_KEY_UILaunchStoryboardName = LaunchScreen;
				INFOPLIST_KEY_UIMainStoryboardFile = Main;
				INFOPLIST_KEY_UIStatusBarStyle = UIStatusBarStyleLightContent;
				INFOPLIST_KEY_UISupportedInterfaceOrientations_iPad = "UIInterfaceOrientationPortrait UIInterfaceOrientationPortraitUpsideDown UIInterfaceOrientationLandscapeLeft UIInterfaceOrientationLandscapeRight";
				INFOPLIST_KEY_UISupportedInterfaceOrientations_iPhone = "UIInterfaceOrientationPortrait UIInterfaceOrientationLandscapeLeft UIInterfaceOrientationLandscapeRight";
				IPHONEOS_DEPLOYMENT_TARGET = 16.0;
				LD_RUNPATH_SEARCH_PATHS = (
					"$(inherited)",
					"@executable_path/Frameworks",
				);
				MARKETING_VERSION = 1.0;
				PRODUCT_BUNDLE_IDENTIFIER = Puma.Recipes;
				PRODUCT_NAME = "$(TARGET_NAME)";
				SUPPORTED_PLATFORMS = "iphoneos iphonesimulator";
				SUPPORTS_MACCATALYST = NO;
				SUPPORTS_MAC_DESIGNED_FOR_IPHONE_IPAD = NO;
				SWIFT_EMIT_LOC_STRINGS = YES;
				SWIFT_VERSION = 5.0;
				TARGETED_DEVICE_FAMILY = "1,2";
			};
			name = Debug;
		};
		5A06220B29EABAF600A5F17A /* Release */ = {
			isa = XCBuildConfiguration;
			buildSettings = {
				ASSETCATALOG_COMPILER_APPICON_NAME = AppIcon;
				ASSETCATALOG_COMPILER_GLOBAL_ACCENT_COLOR_NAME = AccentColor;
				CODE_SIGN_STYLE = Automatic;
				CURRENT_PROJECT_VERSION = 1;
				DEVELOPMENT_TEAM = 4P5Q83J9L6;
				GENERATE_INFOPLIST_FILE = YES;
				INFOPLIST_FILE = Recipes/Info.plist;
				INFOPLIST_KEY_UIApplicationSupportsIndirectInputEvents = YES;
				INFOPLIST_KEY_UILaunchStoryboardName = LaunchScreen;
				INFOPLIST_KEY_UIMainStoryboardFile = Main;
				INFOPLIST_KEY_UIStatusBarStyle = UIStatusBarStyleLightContent;
				INFOPLIST_KEY_UISupportedInterfaceOrientations_iPad = "UIInterfaceOrientationPortrait UIInterfaceOrientationPortraitUpsideDown UIInterfaceOrientationLandscapeLeft UIInterfaceOrientationLandscapeRight";
				INFOPLIST_KEY_UISupportedInterfaceOrientations_iPhone = "UIInterfaceOrientationPortrait UIInterfaceOrientationLandscapeLeft UIInterfaceOrientationLandscapeRight";
				IPHONEOS_DEPLOYMENT_TARGET = 16.0;
				LD_RUNPATH_SEARCH_PATHS = (
					"$(inherited)",
					"@executable_path/Frameworks",
				);
				MARKETING_VERSION = 1.0;
				PRODUCT_BUNDLE_IDENTIFIER = Puma.Recipes;
				PRODUCT_NAME = "$(TARGET_NAME)";
				SUPPORTED_PLATFORMS = "iphoneos iphonesimulator";
				SUPPORTS_MACCATALYST = NO;
				SUPPORTS_MAC_DESIGNED_FOR_IPHONE_IPAD = NO;
				SWIFT_EMIT_LOC_STRINGS = YES;
				SWIFT_VERSION = 5.0;
				TARGETED_DEVICE_FAMILY = "1,2";
			};
			name = Release;
		};
/* End XCBuildConfiguration section */

/* Begin XCConfigurationList section */
		5A0621F029EABAF400A5F17A /* Build configuration list for PBXProject "Recipes" */ = {
			isa = XCConfigurationList;
			buildConfigurations = (
				5A06220729EABAF600A5F17A /* Debug */,
				5A06220829EABAF600A5F17A /* Release */,
			);
			defaultConfigurationIsVisible = 0;
			defaultConfigurationName = Release;
		};
		5A06220929EABAF600A5F17A /* Build configuration list for PBXNativeTarget "Recipes" */ = {
			isa = XCConfigurationList;
			buildConfigurations = (
				5A06220A29EABAF600A5F17A /* Debug */,
				5A06220B29EABAF600A5F17A /* Release */,
			);
			defaultConfigurationIsVisible = 0;
			defaultConfigurationName = Release;
		};
/* End XCConfigurationList section */
	};
	rootObject = 5A0621ED29EABAF400A5F17A /* Project object */;
}
